
Microsoft Visual Studio Solution File, Format Version 12.00
# Visual Studio Version 16
VisualStudioVersion = 16.0.30114.105
MinimumVisualStudioVersion = 10.0.40219.1
Project("{FAE04EC0-301F-11D3-BF4B-00C04F79EFBC}") = "SpecFlowFramework", "SpecFlowFramework\SpecFlowFramework.csproj", "{36720F27-362E-4908-8D32-2738250AC7BC}"
EndProject
Global
	GlobalSection(SolutionConfigurationPlatforms) = preSolution
		Debug|Any CPU = Debug|Any CPU
		Release|Any CPU = Release|Any CPU
	EndGlobalSection
	GlobalSection(ProjectConfigurationPlatforms) = postSolution
		{36720F27-362E-4908-8D32-2738250AC7BC}.Debug|Any CPU.ActiveCfg = Debug|Any CPU
		{36720F27-362E-4908-8D32-2738250AC7BC}.Debug|Any CPU.Build.0 = Debug|Any CPU
		{36720F27-362E-4908-8D32-2738250AC7BC}.Release|Any CPU.ActiveCfg = Release|Any CPU
		{36720F27-362E-4908-8D32-2738250AC7BC}.Release|Any CPU.Build.0 = Release|Any CPU
	EndGlobalSection
	GlobalSection(SolutionProperties) = preSolution
		HideSolutionNode = FALSE
	EndGlobalSection
	GlobalSection(ExtensibilityGlobals) = postSolution
		SolutionGuid = {AC95085F-4408-4BA1-B58A-3DC98FC65203}
	EndGlobalSection
EndGlobal
